
Microsoft Visual Studio Solution File, Format Version 12.00
# Visual Studio Version 16
VisualStudioVersion = 16.0.29905.134
MinimumVisualStudioVersion = 10.0.40219.1
Project("{FAE04EC0-301F-11D3-BF4B-00C04F79EFBC}") = "6.2.4", "6.2.4\6.2.4.csproj", "{4AC44092-0CE5-4B4B-9DE0-2947B89E95ED}"
EndProject
Global
	GlobalSection(SolutionConfigurationPlatforms) = preSolution
		Debug|Any CPU = Debug|Any CPU
		Release|Any CPU = Release|Any CPU
	EndGlobalSection
	GlobalSection(ProjectConfigurationPlatforms) = postSolution
		{4AC44092-0CE5-4B4B-9DE0-2947B89E95ED}.Debug|Any CPU.ActiveCfg = Debug|Any CPU
		{4AC44092-0CE5-4B4B-9DE0-2947B89E95ED}.Debug|Any CPU.Build.0 = Debug|Any CPU
		{4AC44092-0CE5-4B4B-9DE0-2947B89E95ED}.Release|Any CPU.ActiveCfg = Release|Any CPU
		{4AC44092-0CE5-4B4B-9DE0-2947B89E95ED}.Release|Any CPU.Build.0 = Release|Any CPU
	EndGlobalSection
	GlobalSection(SolutionProperties) = preSolution
		HideSolutionNode = FALSE
	EndGlobalSection
	GlobalSection(ExtensibilityGlobals) = postSolution
		SolutionGuid = {7B6216FC-98C8-4949-A9AB-E191025D4B1D}
	EndGlobalSection
EndGlobal
